
Microsoft Visual Studio Solution File, Format Version 12.00
# Visual Studio Version 17
VisualStudioVersion = 17.4.33110.190
MinimumVisualStudioVersion = 10.0.40219.1
Project("{FAE04EC0-301F-11D3-BF4B-00C04F79EFBC}") = "CVC-Project", "CVC-Project\CVC-Project.csproj", "{9311A08E-A5C3-4BB8-9B44-357BBE289F1D}"
EndProject
Global
	GlobalSection(SolutionConfigurationPlatforms) = preSolution
		Debug|Any CPU = Debug|Any CPU
		Release|Any CPU = Release|Any CPU
	EndGlobalSection
	GlobalSection(ProjectConfigurationPlatforms) = postSolution
		{9311A08E-A5C3-4BB8-9B44-357BBE289F1D}.Debug|Any CPU.ActiveCfg = Debug|Any CPU
		{9311A08E-A5C3-4BB8-9B44-357BBE289F1D}.Debug|Any CPU.Build.0 = Debug|Any CPU
		{9311A08E-A5C3-4BB8-9B44-357BBE289F1D}.Release|Any CPU.ActiveCfg = Release|Any CPU
		{9311A08E-A5C3-4BB8-9B44-357BBE289F1D}.Release|Any CPU.Build.0 = Release|Any CPU
	EndGlobalSection
	GlobalSection(SolutionProperties) = preSolution
		HideSolutionNode = FALSE
	EndGlobalSection
	GlobalSection(ExtensibilityGlobals) = postSolution
		SolutionGuid = {3717CD8D-A33F-4343-B68B-010A8CCA62E5}
	EndGlobalSection
EndGlobal
